// !$*UTF8*$!
{
	archiveVersion = 1;
	classes = {
	};
	objectVersion = 56;
	objects = {

/* Begin PBXBuildFile section */
		A36CBAFD2B5D027F00CFF737 /* AppDelegate.swift in Sources */ = {isa = PBXBuildFile; fileRef = A36CBAFC2B5D027F00CFF737 /* AppDelegate.swift */; };
		A36CBAFF2B5D027F00CFF737 /* SceneDelegate.swift in Sources */ = {isa = PBXBuildFile; fileRef = A36CBAFE2B5D027F00CFF737 /* SceneDelegate.swift */; };
		A36CBB012B5D027F00CFF737 /* MainViewController.swift in Sources */ = {isa = PBXBuildFile; fileRef = A36CBB002B5D027F00CFF737 /* MainViewController.swift */; };
		A36CBB062B5D028100CFF737 /* Assets.xcassets in Resources */ = {isa = PBXBuildFile; fileRef = A36CBB052B5D028100CFF737 /* Assets.xcassets */; };
		A36CBB092B5D028100CFF737 /* LaunchScreen.storyboard in Resources */ = {isa = PBXBuildFile; fileRef = A36CBB072B5D028100CFF737 /* LaunchScreen.storyboard */; };
		A36CBB142B5D028200CFF737 /* AstronomyPicturesTests.swift in Sources */ = {isa = PBXBuildFile; fileRef = A36CBB132B5D028200CFF737 /* AstronomyPicturesTests.swift */; };
		A36CBB1E2B5D028200CFF737 /* AstronomyPicturesMainUITests.swift in Sources */ = {isa = PBXBuildFile; fileRef = A36CBB1D2B5D028200CFF737 /* AstronomyPicturesMainUITests.swift */; };
		A36CBB202B5D028200CFF737 /* AstronomyPicturesUITestsLaunchTests.swift in Sources */ = {isa = PBXBuildFile; fileRef = A36CBB1F2B5D028200CFF737 /* AstronomyPicturesUITestsLaunchTests.swift */; };
		A36CBB322B5D12F300CFF737 /* .gitignore in Resources */ = {isa = PBXBuildFile; fileRef = A36CBB312B5D12F300CFF737 /* .gitignore */; };
		A36CBB342B5D6B7900CFF737 /* MainView.swift in Sources */ = {isa = PBXBuildFile; fileRef = A36CBB332B5D6B7900CFF737 /* MainView.swift */; };
		A36CBB362B5D6C6000CFF737 /* UsesAutoLayout.swift in Sources */ = {isa = PBXBuildFile; fileRef = A36CBB352B5D6C6000CFF737 /* UsesAutoLayout.swift */; };
		A36CBB392B5D6D2A00CFF737 /* MainAstronomyPictureCell.swift in Sources */ = {isa = PBXBuildFile; fileRef = A36CBB382B5D6D2A00CFF737 /* MainAstronomyPictureCell.swift */; };
		A36CBB3B2B5D76F000CFF737 /* MainViewModel.swift in Sources */ = {isa = PBXBuildFile; fileRef = A36CBB3A2B5D76F000CFF737 /* MainViewModel.swift */; };
		A36CBB3D2B5D772D00CFF737 /* MainAtronomyPictureCellItem.swift in Sources */ = {isa = PBXBuildFile; fileRef = A36CBB3C2B5D772D00CFF737 /* MainAtronomyPictureCellItem.swift */; };
/* End PBXBuildFile section */

/* Begin PBXContainerItemProxy section */
		A36CBB102B5D028200CFF737 /* PBXContainerItemProxy */ = {
			isa = PBXContainerItemProxy;
			containerPortal = A36CBAF12B5D027F00CFF737 /* Project object */;
			proxyType = 1;
			remoteGlobalIDString = A36CBAF82B5D027F00CFF737;
			remoteInfo = AstronomyPictures;
		};
		A36CBB1A2B5D028200CFF737 /* PBXContainerItemProxy */ = {
			isa = PBXContainerItemProxy;
			containerPortal = A36CBAF12B5D027F00CFF737 /* Project object */;
			proxyType = 1;
			remoteGlobalIDString = A36CBAF82B5D027F00CFF737;
			remoteInfo = AstronomyPictures;
		};
/* End PBXContainerItemProxy section */

/* Begin PBXFileReference section */
		A36CBAF92B5D027F00CFF737 /* AstronomyPictures.app */ = {isa = PBXFileReference; explicitFileType = wrapper.application; includeInIndex = 0; path = AstronomyPictures.app; sourceTree = BUILT_PRODUCTS_DIR; };
		A36CBAFC2B5D027F00CFF737 /* AppDelegate.swift */ = {isa = PBXFileReference; lastKnownFileType = sourcecode.swift; path = AppDelegate.swift; sourceTree = "<group>"; };
		A36CBAFE2B5D027F00CFF737 /* SceneDelegate.swift */ = {isa = PBXFileReference; lastKnownFileType = sourcecode.swift; path = SceneDelegate.swift; sourceTree = "<group>"; };
		A36CBB002B5D027F00CFF737 /* MainViewController.swift */ = {isa = PBXFileReference; lastKnownFileType = sourcecode.swift; path = MainViewController.swift; sourceTree = "<group>"; };
		A36CBB052B5D028100CFF737 /* Assets.xcassets */ = {isa = PBXFileReference; lastKnownFileType = folder.assetcatalog; path = Assets.xcassets; sourceTree = "<group>"; };
		A36CBB082B5D028100CFF737 /* Base */ = {isa = PBXFileReference; lastKnownFileType = file.storyboard; name = Base; path = Base.lproj/LaunchScreen.storyboard; sourceTree = "<group>"; };
		A36CBB0A2B5D028100CFF737 /* Info.plist */ = {isa = PBXFileReference; lastKnownFileType = text.plist.xml; path = Info.plist; sourceTree = "<group>"; };
		A36CBB0F2B5D028200CFF737 /* AstronomyPicturesTests.xctest */ = {isa = PBXFileReference; explicitFileType = wrapper.cfbundle; includeInIndex = 0; path = AstronomyPicturesTests.xctest; sourceTree = BUILT_PRODUCTS_DIR; };
		A36CBB132B5D028200CFF737 /* AstronomyPicturesTests.swift */ = {isa = PBXFileReference; lastKnownFileType = sourcecode.swift; path = AstronomyPicturesTests.swift; sourceTree = "<group>"; };
		A36CBB192B5D028200CFF737 /* AstronomyPicturesUITests.xctest */ = {isa = PBXFileReference; explicitFileType = wrapper.cfbundle; includeInIndex = 0; path = AstronomyPicturesUITests.xctest; sourceTree = BUILT_PRODUCTS_DIR; };
		A36CBB1D2B5D028200CFF737 /* AstronomyPicturesMainUITests.swift */ = {isa = PBXFileReference; lastKnownFileType = sourcecode.swift; path = AstronomyPicturesMainUITests.swift; sourceTree = "<group>"; };
		A36CBB1F2B5D028200CFF737 /* AstronomyPicturesUITestsLaunchTests.swift */ = {isa = PBXFileReference; lastKnownFileType = sourcecode.swift; path = AstronomyPicturesUITestsLaunchTests.swift; sourceTree = "<group>"; };
		A36CBB312B5D12F300CFF737 /* .gitignore */ = {isa = PBXFileReference; fileEncoding = 4; lastKnownFileType = text; path = .gitignore; sourceTree = "<group>"; };
		A36CBB332B5D6B7900CFF737 /* MainView.swift */ = {isa = PBXFileReference; lastKnownFileType = sourcecode.swift; path = MainView.swift; sourceTree = "<group>"; };
		A36CBB352B5D6C6000CFF737 /* UsesAutoLayout.swift */ = {isa = PBXFileReference; lastKnownFileType = sourcecode.swift; path = UsesAutoLayout.swift; sourceTree = "<group>"; };
		A36CBB382B5D6D2A00CFF737 /* MainAstronomyPictureCell.swift */ = {isa = PBXFileReference; lastKnownFileType = sourcecode.swift; path = MainAstronomyPictureCell.swift; sourceTree = "<group>"; };
		A36CBB3A2B5D76F000CFF737 /* MainViewModel.swift */ = {isa = PBXFileReference; lastKnownFileType = sourcecode.swift; path = MainViewModel.swift; sourceTree = "<group>"; };
		A36CBB3C2B5D772D00CFF737 /* MainAtronomyPictureCellItem.swift */ = {isa = PBXFileReference; lastKnownFileType = sourcecode.swift; path = MainAtronomyPictureCellItem.swift; sourceTree = "<group>"; };
/* End PBXFileReference section */

/* Begin PBXFrameworksBuildPhase section */
		A36CBAF62B5D027F00CFF737 /* Frameworks */ = {
			isa = PBXFrameworksBuildPhase;
			buildActionMask = 2147483647;
			files = (
			);
			runOnlyForDeploymentPostprocessing = 0;
		};
		A36CBB0C2B5D028200CFF737 /* Frameworks */ = {
			isa = PBXFrameworksBuildPhase;
			buildActionMask = 2147483647;
			files = (
			);
			runOnlyForDeploymentPostprocessing = 0;
		};
		A36CBB162B5D028200CFF737 /* Frameworks */ = {
			isa = PBXFrameworksBuildPhase;
			buildActionMask = 2147483647;
			files = (
			);
			runOnlyForDeploymentPostprocessing = 0;
		};
/* End PBXFrameworksBuildPhase section */

/* Begin PBXGroup section */
		A36CBAF02B5D027F00CFF737 = {
			isa = PBXGroup;
			children = (
				A36CBB312B5D12F300CFF737 /* .gitignore */,
				A36CBAFB2B5D027F00CFF737 /* AstronomyPictures */,
				A36CBB122B5D028200CFF737 /* AstronomyPicturesTests */,
				A36CBB1C2B5D028200CFF737 /* AstronomyPicturesUITests */,
				A36CBAFA2B5D027F00CFF737 /* Products */,
			);
			sourceTree = "<group>";
		};
		A36CBAFA2B5D027F00CFF737 /* Products */ = {
			isa = PBXGroup;
			children = (
				A36CBAF92B5D027F00CFF737 /* AstronomyPictures.app */,
				A36CBB0F2B5D028200CFF737 /* AstronomyPicturesTests.xctest */,
				A36CBB192B5D028200CFF737 /* AstronomyPicturesUITests.xctest */,
			);
			name = Products;
			sourceTree = "<group>";
		};
		A36CBAFB2B5D027F00CFF737 /* AstronomyPictures */ = {
			isa = PBXGroup;
			children = (
				A36CBB372B5D6CE800CFF737 /* PropertyWrappers */,
				A36CBB302B5D109100CFF737 /* PictureDetail */,
				A36CBB2F2B5D108000CFF737 /* Main */,
				A36CBAFC2B5D027F00CFF737 /* AppDelegate.swift */,
				A36CBAFE2B5D027F00CFF737 /* SceneDelegate.swift */,
				A36CBB052B5D028100CFF737 /* Assets.xcassets */,
				A36CBB072B5D028100CFF737 /* LaunchScreen.storyboard */,
				A36CBB0A2B5D028100CFF737 /* Info.plist */,
			);
			path = AstronomyPictures;
			sourceTree = "<group>";
		};
		A36CBB122B5D028200CFF737 /* AstronomyPicturesTests */ = {
			isa = PBXGroup;
			children = (
				A36CBB132B5D028200CFF737 /* AstronomyPicturesTests.swift */,
			);
			path = AstronomyPicturesTests;
			sourceTree = "<group>";
		};
		A36CBB1C2B5D028200CFF737 /* AstronomyPicturesUITests */ = {
			isa = PBXGroup;
			children = (
				A36CBB1D2B5D028200CFF737 /* AstronomyPicturesMainUITests.swift */,
				A36CBB1F2B5D028200CFF737 /* AstronomyPicturesUITestsLaunchTests.swift */,
			);
			path = AstronomyPicturesUITests;
			sourceTree = "<group>";
		};
		A36CBB2F2B5D108000CFF737 /* Main */ = {
			isa = PBXGroup;
			children = (
				A36CBB002B5D027F00CFF737 /* MainViewController.swift */,
				A36CBB332B5D6B7900CFF737 /* MainView.swift */,
				A36CBB382B5D6D2A00CFF737 /* MainAstronomyPictureCell.swift */,
				A36CBB3A2B5D76F000CFF737 /* MainViewModel.swift */,
				A36CBB3C2B5D772D00CFF737 /* MainAtronomyPictureCellItem.swift */,
			);
			path = Main;
			sourceTree = "<group>";
		};
		A36CBB302B5D109100CFF737 /* PictureDetail */ = {
			isa = PBXGroup;
			children = (
			);
			path = PictureDetail;
			sourceTree = "<group>";
		};
		A36CBB372B5D6CE800CFF737 /* PropertyWrappers */ = {
			isa = PBXGroup;
			children = (
				A36CBB352B5D6C6000CFF737 /* UsesAutoLayout.swift */,
			);
			path = PropertyWrappers;
			sourceTree = "<group>";
		};
/* End PBXGroup section */

/* Begin PBXNativeTarget section */
		A36CBAF82B5D027F00CFF737 /* AstronomyPictures */ = {
			isa = PBXNativeTarget;
			buildConfigurationList = A36CBB232B5D028200CFF737 /* Build configuration list for PBXNativeTarget "AstronomyPictures" */;
			buildPhases = (
				A36CBAF52B5D027F00CFF737 /* Sources */,
				A36CBAF62B5D027F00CFF737 /* Frameworks */,
				A36CBAF72B5D027F00CFF737 /* Resources */,
			);
			buildRules = (
			);
			dependencies = (
			);
			name = AstronomyPictures;
			productName = AstronomyPictures;
			productReference = A36CBAF92B5D027F00CFF737 /* AstronomyPictures.app */;
			productType = "com.apple.product-type.application";
		};
		A36CBB0E2B5D028200CFF737 /* AstronomyPicturesTests */ = {
			isa = PBXNativeTarget;
			buildConfigurationList = A36CBB262B5D028200CFF737 /* Build configuration list for PBXNativeTarget "AstronomyPicturesTests" */;
			buildPhases = (
				A36CBB0B2B5D028200CFF737 /* Sources */,
				A36CBB0C2B5D028200CFF737 /* Frameworks */,
				A36CBB0D2B5D028200CFF737 /* Resources */,
			);
			buildRules = (
			);
			dependencies = (
				A36CBB112B5D028200CFF737 /* PBXTargetDependency */,
			);
			name = AstronomyPicturesTests;
			productName = AstronomyPicturesTests;
			productReference = A36CBB0F2B5D028200CFF737 /* AstronomyPicturesTests.xctest */;
			productType = "com.apple.product-type.bundle.unit-test";
		};
		A36CBB182B5D028200CFF737 /* AstronomyPicturesUITests */ = {
			isa = PBXNativeTarget;
			buildConfigurationList = A36CBB292B5D028200CFF737 /* Build configuration list for PBXNativeTarget "AstronomyPicturesUITests" */;
			buildPhases = (
				A36CBB152B5D028200CFF737 /* Sources */,
				A36CBB162B5D028200CFF737 /* Frameworks */,
				A36CBB172B5D028200CFF737 /* Resources */,
			);
			buildRules = (
			);
			dependencies = (
				A36CBB1B2B5D028200CFF737 /* PBXTargetDependency */,
			);
			name = AstronomyPicturesUITests;
			productName = AstronomyPicturesUITests;
			productReference = A36CBB192B5D028200CFF737 /* AstronomyPicturesUITests.xctest */;
			productType = "com.apple.product-type.bundle.ui-testing";
		};
/* End PBXNativeTarget section */

/* Begin PBXProject section */
		A36CBAF12B5D027F00CFF737 /* Project object */ = {
			isa = PBXProject;
			attributes = {
				BuildIndependentTargetsInParallel = 1;
				LastSwiftUpdateCheck = 1430;
				LastUpgradeCheck = 1430;
				TargetAttributes = {
					A36CBAF82B5D027F00CFF737 = {
						CreatedOnToolsVersion = 14.3;
					};
					A36CBB0E2B5D028200CFF737 = {
						CreatedOnToolsVersion = 14.3;
						TestTargetID = A36CBAF82B5D027F00CFF737;
					};
					A36CBB182B5D028200CFF737 = {
						CreatedOnToolsVersion = 14.3;
						TestTargetID = A36CBAF82B5D027F00CFF737;
					};
				};
			};
			buildConfigurationList = A36CBAF42B5D027F00CFF737 /* Build configuration list for PBXProject "AstronomyPictures" */;
			compatibilityVersion = "Xcode 14.0";
			developmentRegion = en;
			hasScannedForEncodings = 0;
			knownRegions = (
				en,
				Base,
			);
			mainGroup = A36CBAF02B5D027F00CFF737;
			productRefGroup = A36CBAFA2B5D027F00CFF737 /* Products */;
			projectDirPath = "";
			projectRoot = "";
			targets = (
				A36CBAF82B5D027F00CFF737 /* AstronomyPictures */,
				A36CBB0E2B5D028200CFF737 /* AstronomyPicturesTests */,
				A36CBB182B5D028200CFF737 /* AstronomyPicturesUITests */,
			);
		};
/* End PBXProject section */

/* Begin PBXResourcesBuildPhase section */
		A36CBAF72B5D027F00CFF737 /* Resources */ = {
			isa = PBXResourcesBuildPhase;
			buildActionMask = 2147483647;
			files = (
				A36CBB092B5D028100CFF737 /* LaunchScreen.storyboard in Resources */,
				A36CBB322B5D12F300CFF737 /* .gitignore in Resources */,
				A36CBB062B5D028100CFF737 /* Assets.xcassets in Resources */,
			);
			runOnlyForDeploymentPostprocessing = 0;
		};
		A36CBB0D2B5D028200CFF737 /* Resources */ = {
			isa = PBXResourcesBuildPhase;
			buildActionMask = 2147483647;
			files = (
			);
			runOnlyForDeploymentPostprocessing = 0;
		};
		A36CBB172B5D028200CFF737 /* Resources */ = {
			isa = PBXResourcesBuildPhase;
			buildActionMask = 2147483647;
			files = (
			);
			runOnlyForDeploymentPostprocessing = 0;
		};
/* End PBXResourcesBuildPhase section */

/* Begin PBXSourcesBuildPhase section */
		A36CBAF52B5D027F00CFF737 /* Sources */ = {
			isa = PBXSourcesBuildPhase;
			buildActionMask = 2147483647;
			files = (
				A36CBB3B2B5D76F000CFF737 /* MainViewModel.swift in Sources */,
				A36CBB012B5D027F00CFF737 /* MainViewController.swift in Sources */,
				A36CBB362B5D6C6000CFF737 /* UsesAutoLayout.swift in Sources */,
				A36CBB392B5D6D2A00CFF737 /* MainAstronomyPictureCell.swift in Sources */,
				A36CBB342B5D6B7900CFF737 /* MainView.swift in Sources */,
				A36CBAFD2B5D027F00CFF737 /* AppDelegate.swift in Sources */,
				A36CBAFF2B5D027F00CFF737 /* SceneDelegate.swift in Sources */,
				A36CBB3D2B5D772D00CFF737 /* MainAtronomyPictureCellItem.swift in Sources */,
			);
			runOnlyForDeploymentPostprocessing = 0;
		};
		A36CBB0B2B5D028200CFF737 /* Sources */ = {
			isa = PBXSourcesBuildPhase;
			buildActionMask = 2147483647;
			files = (
				A36CBB142B5D028200CFF737 /* AstronomyPicturesTests.swift in Sources */,
			);
			runOnlyForDeploymentPostprocessing = 0;
		};
		A36CBB152B5D028200CFF737 /* Sources */ = {
			isa = PBXSourcesBuildPhase;
			buildActionMask = 2147483647;
			files = (
				A36CBB202B5D028200CFF737 /* AstronomyPicturesUITestsLaunchTests.swift in Sources */,
				A36CBB1E2B5D028200CFF737 /* AstronomyPicturesMainUITests.swift in Sources */,
			);
			runOnlyForDeploymentPostprocessing = 0;
		};
/* End PBXSourcesBuildPhase section */

/* Begin PBXTargetDependency section */
		A36CBB112B5D028200CFF737 /* PBXTargetDependency */ = {
			isa = PBXTargetDependency;
			target = A36CBAF82B5D027F00CFF737 /* AstronomyPictures */;
			targetProxy = A36CBB102B5D028200CFF737 /* PBXContainerItemProxy */;
		};
		A36CBB1B2B5D028200CFF737 /* PBXTargetDependency */ = {
			isa = PBXTargetDependency;
			target = A36CBAF82B5D027F00CFF737 /* AstronomyPictures */;
			targetProxy = A36CBB1A2B5D028200CFF737 /* PBXContainerItemProxy */;
		};
/* End PBXTargetDependency section */

/* Begin PBXVariantGroup section */
		A36CBB072B5D028100CFF737 /* LaunchScreen.storyboard */ = {
			isa = PBXVariantGroup;
			children = (
				A36CBB082B5D028100CFF737 /* Base */,
			);
			name = LaunchScreen.storyboard;
			sourceTree = "<group>";
		};
/* End PBXVariantGroup section */

/* Begin XCBuildConfiguration section */
		A36CBB212B5D028200CFF737 /* Debug */ = {
			isa = XCBuildConfiguration;
			buildSettings = {
				ALWAYS_SEARCH_USER_PATHS = NO;
				CLANG_ANALYZER_NONNULL = YES;
				CLANG_ANALYZER_NUMBER_OBJECT_CONVERSION = YES_AGGRESSIVE;
				CLANG_CXX_LANGUAGE_STANDARD = "gnu++20";
				CLANG_ENABLE_MODULES = YES;
				CLANG_ENABLE_OBJC_ARC = YES;
				CLANG_ENABLE_OBJC_WEAK = YES;
				CLANG_WARN_BLOCK_CAPTURE_AUTORELEASING = YES;
				CLANG_WARN_BOOL_CONVERSION = YES;
				CLANG_WARN_COMMA = YES;
				CLANG_WARN_CONSTANT_CONVERSION = YES;
				CLANG_WARN_DEPRECATED_OBJC_IMPLEMENTATIONS = YES;
				CLANG_WARN_DIRECT_OBJC_ISA_USAGE = YES_ERROR;
				CLANG_WARN_DOCUMENTATION_COMMENTS = YES;
				CLANG_WARN_EMPTY_BODY = YES;
				CLANG_WARN_ENUM_CONVERSION = YES;
				CLANG_WARN_INFINITE_RECURSION = YES;
				CLANG_WARN_INT_CONVERSION = YES;
				CLANG_WARN_NON_LITERAL_NULL_CONVERSION = YES;
				CLANG_WARN_OBJC_IMPLICIT_RETAIN_SELF = YES;
				CLANG_WARN_OBJC_LITERAL_CONVERSION = YES;
				CLANG_WARN_OBJC_ROOT_CLASS = YES_ERROR;
				CLANG_WARN_QUOTED_INCLUDE_IN_FRAMEWORK_HEADER = YES;
				CLANG_WARN_RANGE_LOOP_ANALYSIS = YES;
				CLANG_WARN_STRICT_PROTOTYPES = YES;
				CLANG_WARN_SUSPICIOUS_MOVE = YES;
				CLANG_WARN_UNGUARDED_AVAILABILITY = YES_AGGRESSIVE;
				CLANG_WARN_UNREACHABLE_CODE = YES;
				CLANG_WARN__DUPLICATE_METHOD_MATCH = YES;
				COPY_PHASE_STRIP = NO;
				DEBUG_INFORMATION_FORMAT = dwarf;
				ENABLE_STRICT_OBJC_MSGSEND = YES;
				ENABLE_TESTABILITY = YES;
				GCC_C_LANGUAGE_STANDARD = gnu11;
				GCC_DYNAMIC_NO_PIC = NO;
				GCC_NO_COMMON_BLOCKS = YES;
				GCC_OPTIMIZATION_LEVEL = 0;
				GCC_PREPROCESSOR_DEFINITIONS = (
					"DEBUG=1",
					"$(inherited)",
				);
				GCC_WARN_64_TO_32_BIT_CONVERSION = YES;
				GCC_WARN_ABOUT_RETURN_TYPE = YES_ERROR;
				GCC_WARN_UNDECLARED_SELECTOR = YES;
				GCC_WARN_UNINITIALIZED_AUTOS = YES_AGGRESSIVE;
				GCC_WARN_UNUSED_FUNCTION = YES;
				GCC_WARN_UNUSED_VARIABLE = YES;
				IPHONEOS_DEPLOYMENT_TARGET = 16.4;
				MTL_ENABLE_DEBUG_INFO = INCLUDE_SOURCE;
				MTL_FAST_MATH = YES;
				ONLY_ACTIVE_ARCH = YES;
				SDKROOT = iphoneos;
				SWIFT_ACTIVE_COMPILATION_CONDITIONS = DEBUG;
				SWIFT_OPTIMIZATION_LEVEL = "-Onone";
			};
			name = Debug;
		};
		A36CBB222B5D028200CFF737 /* Release */ = {
			isa = XCBuildConfiguration;
			buildSettings = {
				ALWAYS_SEARCH_USER_PATHS = NO;
				CLANG_ANALYZER_NONNULL = YES;
				CLANG_ANALYZER_NUMBER_OBJECT_CONVERSION = YES_AGGRESSIVE;
				CLANG_CXX_LANGUAGE_STANDARD = "gnu++20";
				CLANG_ENABLE_MODULES = YES;
				CLANG_ENABLE_OBJC_ARC = YES;
				CLANG_ENABLE_OBJC_WEAK = YES;
				CLANG_WARN_BLOCK_CAPTURE_AUTORELEASING = YES;
				CLANG_WARN_BOOL_CONVERSION = YES;
				CLANG_WARN_COMMA = YES;
				CLANG_WARN_CONSTANT_CONVERSION = YES;
				CLANG_WARN_DEPRECATED_OBJC_IMPLEMENTATIONS = YES;
				CLANG_WARN_DIRECT_OBJC_ISA_USAGE = YES_ERROR;
				CLANG_WARN_DOCUMENTATION_COMMENTS = YES;
				CLANG_WARN_EMPTY_BODY = YES;
				CLANG_WARN_ENUM_CONVERSION = YES;
				CLANG_WARN_INFINITE_RECURSION = YES;
				CLANG_WARN_INT_CONVERSION = YES;
				CLANG_WARN_NON_LITERAL_NULL_CONVERSION = YES;
				CLANG_WARN_OBJC_IMPLICIT_RETAIN_SELF = YES;
				CLANG_WARN_OBJC_LITERAL_CONVERSION = YES;
				CLANG_WARN_OBJC_ROOT_CLASS = YES_ERROR;
				CLANG_WARN_QUOTED_INCLUDE_IN_FRAMEWORK_HEADER = YES;
				CLANG_WARN_RANGE_LOOP_ANALYSIS = YES;
				CLANG_WARN_STRICT_PROTOTYPES = YES;
				CLANG_WARN_SUSPICIOUS_MOVE = YES;
				CLANG_WARN_UNGUARDED_AVAILABILITY = YES_AGGRESSIVE;
				CLANG_WARN_UNREACHABLE_CODE = YES;
				CLANG_WARN__DUPLICATE_METHOD_MATCH = YES;
				COPY_PHASE_STRIP = NO;
				DEBUG_INFORMATION_FORMAT = "dwarf-with-dsym";
				ENABLE_NS_ASSERTIONS = NO;
				ENABLE_STRICT_OBJC_MSGSEND = YES;
				GCC_C_LANGUAGE_STANDARD = gnu11;
				GCC_NO_COMMON_BLOCKS = YES;
				GCC_WARN_64_TO_32_BIT_CONVERSION = YES;
				GCC_WARN_ABOUT_RETURN_TYPE = YES_ERROR;
				GCC_WARN_UNDECLARED_SELECTOR = YES;
				GCC_WARN_UNINITIALIZED_AUTOS = YES_AGGRESSIVE;
				GCC_WARN_UNUSED_FUNCTION = YES;
				GCC_WARN_UNUSED_VARIABLE = YES;
				IPHONEOS_DEPLOYMENT_TARGET = 16.4;
				MTL_ENABLE_DEBUG_INFO = NO;
				MTL_FAST_MATH = YES;
				SDKROOT = iphoneos;
				SWIFT_COMPILATION_MODE = wholemodule;
				SWIFT_OPTIMIZATION_LEVEL = "-O";
				VALIDATE_PRODUCT = YES;
			};
			name = Release;
		};
		A36CBB242B5D028200CFF737 /* Debug */ = {
			isa = XCBuildConfiguration;
			buildSettings = {
				ASSETCATALOG_COMPILER_APPICON_NAME = AppIcon;
				ASSETCATALOG_COMPILER_GLOBAL_ACCENT_COLOR_NAME = AccentColor;
				CODE_SIGN_STYLE = Automatic;
				CURRENT_PROJECT_VERSION = 1;
				DEVELOPMENT_TEAM = 6F36WQVB42;
				GENERATE_INFOPLIST_FILE = YES;
				INFOPLIST_FILE = AstronomyPictures/Info.plist;
				INFOPLIST_KEY_UIApplicationSupportsIndirectInputEvents = YES;
				INFOPLIST_KEY_UILaunchStoryboardName = LaunchScreen;
				INFOPLIST_KEY_UIMainStoryboardFile = "";
				INFOPLIST_KEY_UISupportedInterfaceOrientations_iPad = "UIInterfaceOrientationPortrait UIInterfaceOrientationPortraitUpsideDown UIInterfaceOrientationLandscapeLeft UIInterfaceOrientationLandscapeRight";
				INFOPLIST_KEY_UISupportedInterfaceOrientations_iPhone = "UIInterfaceOrientationPortrait UIInterfaceOrientationLandscapeLeft UIInterfaceOrientationLandscapeRight";
				LD_RUNPATH_SEARCH_PATHS = (
					"$(inherited)",
					"@executable_path/Frameworks",
				);
				MARKETING_VERSION = 1.0;
				PRODUCT_BUNDLE_IDENTIFIER = myunghoonso.AstronomyPictures;
				PRODUCT_NAME = "$(TARGET_NAME)";
				SWIFT_EMIT_LOC_STRINGS = YES;
				SWIFT_VERSION = 5.0;
				TARGETED_DEVICE_FAMILY = "1,2";
			};
			name = Debug;
		};
		A36CBB252B5D028200CFF737 /* Release */ = {
			isa = XCBuildConfiguration;
			buildSettings = {
				ASSETCATALOG_COMPILER_APPICON_NAME = AppIcon;
				ASSETCATALOG_COMPILER_GLOBAL_ACCENT_COLOR_NAME = AccentColor;
				CODE_SIGN_STYLE = Automatic;
				CURRENT_PROJECT_VERSION = 1;
				DEVELOPMENT_TEAM = 6F36WQVB42;
				GENERATE_INFOPLIST_FILE = YES;
				INFOPLIST_FILE = AstronomyPictures/Info.plist;
				INFOPLIST_KEY_UIApplicationSupportsIndirectInputEvents = YES;
				INFOPLIST_KEY_UILaunchStoryboardName = LaunchScreen;
				INFOPLIST_KEY_UIMainStoryboardFile = "";
				INFOPLIST_KEY_UISupportedInterfaceOrientations_iPad = "UIInterfaceOrientationPortrait UIInterfaceOrientationPortraitUpsideDown UIInterfaceOrientationLandscapeLeft UIInterfaceOrientationLandscapeRight";
				INFOPLIST_KEY_UISupportedInterfaceOrientations_iPhone = "UIInterfaceOrientationPortrait UIInterfaceOrientationLandscapeLeft UIInterfaceOrientationLandscapeRight";
				LD_RUNPATH_SEARCH_PATHS = (
					"$(inherited)",
					"@executable_path/Frameworks",
				);
				MARKETING_VERSION = 1.0;
				PRODUCT_BUNDLE_IDENTIFIER = myunghoonso.AstronomyPictures;
				PRODUCT_NAME = "$(TARGET_NAME)";
				SWIFT_EMIT_LOC_STRINGS = YES;
				SWIFT_VERSION = 5.0;
				TARGETED_DEVICE_FAMILY = "1,2";
			};
			name = Release;
		};
		A36CBB272B5D028200CFF737 /* Debug */ = {
			isa = XCBuildConfiguration;
			buildSettings = {
				ALWAYS_EMBED_SWIFT_STANDARD_LIBRARIES = YES;
				BUNDLE_LOADER = "$(TEST_HOST)";
				CODE_SIGN_STYLE = Automatic;
				CURRENT_PROJECT_VERSION = 1;
				DEVELOPMENT_TEAM = 6F36WQVB42;
				GENERATE_INFOPLIST_FILE = YES;
				IPHONEOS_DEPLOYMENT_TARGET = 16.4;
				MARKETING_VERSION = 1.0;
				PRODUCT_BUNDLE_IDENTIFIER = myunghoonso.AstronomyPicturesTests;
				PRODUCT_NAME = "$(TARGET_NAME)";
				SWIFT_EMIT_LOC_STRINGS = NO;
				SWIFT_VERSION = 5.0;
				TARGETED_DEVICE_FAMILY = "1,2";
				TEST_HOST = "$(BUILT_PRODUCTS_DIR)/AstronomyPictures.app/$(BUNDLE_EXECUTABLE_FOLDER_PATH)/AstronomyPictures";
			};
			name = Debug;
		};
		A36CBB282B5D028200CFF737 /* Release */ = {
			isa = XCBuildConfiguration;
			buildSettings = {
				ALWAYS_EMBED_SWIFT_STANDARD_LIBRARIES = YES;
				BUNDLE_LOADER = "$(TEST_HOST)";
				CODE_SIGN_STYLE = Automatic;
				CURRENT_PROJECT_VERSION = 1;
				DEVELOPMENT_TEAM = 6F36WQVB42;
				GENERATE_INFOPLIST_FILE = YES;
				IPHONEOS_DEPLOYMENT_TARGET = 16.4;
				MARKETING_VERSION = 1.0;
				PRODUCT_BUNDLE_IDENTIFIER = myunghoonso.AstronomyPicturesTests;
				PRODUCT_NAME = "$(TARGET_NAME)";
				SWIFT_EMIT_LOC_STRINGS = NO;
				SWIFT_VERSION = 5.0;
				TARGETED_DEVICE_FAMILY = "1,2";
				TEST_HOST = "$(BUILT_PRODUCTS_DIR)/AstronomyPictures.app/$(BUNDLE_EXECUTABLE_FOLDER_PATH)/AstronomyPictures";
			};
			name = Release;
		};
		A36CBB2A2B5D028200CFF737 /* Debug */ = {
			isa = XCBuildConfiguration;
			buildSettings = {
				ALWAYS_EMBED_SWIFT_STANDARD_LIBRARIES = YES;
				CODE_SIGN_STYLE = Automatic;
				CURRENT_PROJECT_VERSION = 1;
				DEVELOPMENT_TEAM = 6F36WQVB42;
				GENERATE_INFOPLIST_FILE = YES;
				MARKETING_VERSION = 1.0;
				PRODUCT_BUNDLE_IDENTIFIER = myunghoonso.AstronomyPicturesUITests;
				PRODUCT_NAME = "$(TARGET_NAME)";
				SWIFT_EMIT_LOC_STRINGS = NO;
				SWIFT_VERSION = 5.0;
				TARGETED_DEVICE_FAMILY = "1,2";
				TEST_TARGET_NAME = AstronomyPictures;
			};
			name = Debug;
		};
		A36CBB2B2B5D028200CFF737 /* Release */ = {
			isa = XCBuildConfiguration;
			buildSettings = {
				ALWAYS_EMBED_SWIFT_STANDARD_LIBRARIES = YES;
				CODE_SIGN_STYLE = Automatic;
				CURRENT_PROJECT_VERSION = 1;
				DEVELOPMENT_TEAM = 6F36WQVB42;
				GENERATE_INFOPLIST_FILE = YES;
				MARKETING_VERSION = 1.0;
				PRODUCT_BUNDLE_IDENTIFIER = myunghoonso.AstronomyPicturesUITests;
				PRODUCT_NAME = "$(TARGET_NAME)";
				SWIFT_EMIT_LOC_STRINGS = NO;
				SWIFT_VERSION = 5.0;
				TARGETED_DEVICE_FAMILY = "1,2";
				TEST_TARGET_NAME = AstronomyPictures;
			};
			name = Release;
		};
/* End XCBuildConfiguration section */

/* Begin XCConfigurationList section */
		A36CBAF42B5D027F00CFF737 /* Build configuration list for PBXProject "AstronomyPictures" */ = {
			isa = XCConfigurationList;
			buildConfigurations = (
				A36CBB212B5D028200CFF737 /* Debug */,
				A36CBB222B5D028200CFF737 /* Release */,
			);
			defaultConfigurationIsVisible = 0;
			defaultConfigurationName = Release;
		};
		A36CBB232B5D028200CFF737 /* Build configuration list for PBXNativeTarget "AstronomyPictures" */ = {
			isa = XCConfigurationList;
			buildConfigurations = (
				A36CBB242B5D028200CFF737 /* Debug */,
				A36CBB252B5D028200CFF737 /* Release */,
			);
			defaultConfigurationIsVisible = 0;
			defaultConfigurationName = Release;
		};
		A36CBB262B5D028200CFF737 /* Build configuration list for PBXNativeTarget "AstronomyPicturesTests" */ = {
			isa = XCConfigurationList;
			buildConfigurations = (
				A36CBB272B5D028200CFF737 /* Debug */,
				A36CBB282B5D028200CFF737 /* Release */,
			);
			defaultConfigurationIsVisible = 0;
			defaultConfigurationName = Release;
		};
		A36CBB292B5D028200CFF737 /* Build configuration list for PBXNativeTarget "AstronomyPicturesUITests" */ = {
			isa = XCConfigurationList;
			buildConfigurations = (
				A36CBB2A2B5D028200CFF737 /* Debug */,
				A36CBB2B2B5D028200CFF737 /* Release */,
			);
			defaultConfigurationIsVisible = 0;
			defaultConfigurationName = Release;
		};
/* End XCConfigurationList section */
	};
	rootObject = A36CBAF12B5D027F00CFF737 /* Project object */;
}
